// !$*UTF8*$!
{
	archiveVersion = 1;
	classes = {
	};
	objectVersion = 50;
	objects = {

/* Begin PBXBuildFile section */
		ED2773CE20B8A7570020BCB1 /* NBA BASKETBALL BUMP.tga in Resources */ = {isa = PBXBuildFile; fileRef = ED2773CA20B8A7550020BCB1 /* NBA BASKETBALL BUMP.tga */; };
		ED2773CF20B8A7570020BCB1 /* NBA BASKETBALL DIFFUSE.tga in Resources */ = {isa = PBXBuildFile; fileRef = ED2773CB20B8A7560020BCB1 /* NBA BASKETBALL DIFFUSE.tga */; };
		ED2773D020B8A7570020BCB1 /* NBA BASKETBALL.mtl in Resources */ = {isa = PBXBuildFile; fileRef = ED2773CC20B8A7560020BCB1 /* NBA BASKETBALL.mtl */; };
		ED2773D220B8A82E0020BCB1 /* Basketball.scn in Resources */ = {isa = PBXBuildFile; fileRef = ED2773D120B8A80E0020BCB1 /* Basketball.scn */; };
		ED28860020B49DB300DECEF1 /* LevelsManager.swift in Sources */ = {isa = PBXBuildFile; fileRef = ED2885FF20B49DB300DECEF1 /* LevelsManager.swift */; };
		ED28860420B4A21600DECEF1 /* NodeGenerator.swift in Sources */ = {isa = PBXBuildFile; fileRef = ED28860320B4A21600DECEF1 /* NodeGenerator.swift */; };
		ED28860620B4D02200DECEF1 /* Constants.swift in Sources */ = {isa = PBXBuildFile; fileRef = ED28860520B4D02200DECEF1 /* Constants.swift */; };
		ED28860D20B4E9DE00DECEF1 /* Normal.png in Resources */ = {isa = PBXBuildFile; fileRef = ED28860920B4E9DD00DECEF1 /* Normal.png */; };
		ED28860E20B4E9DE00DECEF1 /* Rough.png in Resources */ = {isa = PBXBuildFile; fileRef = ED28860A20B4E9DD00DECEF1 /* Rough.png */; };
		ED28860F20B4E9DE00DECEF1 /* Albedo.png in Resources */ = {isa = PBXBuildFile; fileRef = ED28860B20B4E9DD00DECEF1 /* Albedo.png */; };
		ED28861020B4E9DE00DECEF1 /* Metal.png in Resources */ = {isa = PBXBuildFile; fileRef = ED28860C20B4E9DE00DECEF1 /* Metal.png */; };
		ED28861220B4EB6E00DECEF1 /* Bomb.scn in Resources */ = {isa = PBXBuildFile; fileRef = ED28861120B4EAA300DECEF1 /* Bomb.scn */; };
		ED28861520B546B200DECEF1 /* spark.png in Resources */ = {isa = PBXBuildFile; fileRef = ED28861320B546B200DECEF1 /* spark.png */; };
		ED28861620B546B200DECEF1 /* BombFlame.scnp in Resources */ = {isa = PBXBuildFile; fileRef = ED28861420B546B200DECEF1 /* BombFlame.scnp */; };
		ED28862620B54AB200DECEF1 /* sparkGas.png in Resources */ = {isa = PBXBuildFile; fileRef = ED28862420B54AB200DECEF1 /* sparkGas.png */; };
		ED28862720B54AB200DECEF1 /* Gas.scnp in Resources */ = {isa = PBXBuildFile; fileRef = ED28862520B54AB200DECEF1 /* Gas.scnp */; };
		ED28863320B5F3A500DECEF1 /* Explode.scnp in Resources */ = {isa = PBXBuildFile; fileRef = ED28863220B5F3A500DECEF1 /* Explode.scnp */; };
		ED28863520B5F67300DECEF1 /* Explosion.scnp in Resources */ = {isa = PBXBuildFile; fileRef = ED28863420B5F67300DECEF1 /* Explosion.scnp */; };
		ED28863720B616E200DECEF1 /* MainMenuViewController.swift in Sources */ = {isa = PBXBuildFile; fileRef = ED28863620B616E200DECEF1 /* MainMenuViewController.swift */; };
		ED49F4D320BF19FF001B44A5 /* ExplosionSmall.scnp in Resources */ = {isa = PBXBuildFile; fileRef = ED49F4D220BF19FE001B44A5 /* ExplosionSmall.scnp */; };
		ED4DAB7D20B1F95F003BC5A3 /* Whoosh.mp3 in Resources */ = {isa = PBXBuildFile; fileRef = ED4DAB7C20B1F95F003BC5A3 /* Whoosh.mp3 */; };
		ED4DAB7F20B1FA9F003BC5A3 /* caughtball.mp3 in Resources */ = {isa = PBXBuildFile; fileRef = ED4DAB7E20B1FA9F003BC5A3 /* caughtball.mp3 */; };
		ED4DAB8120B34062003BC5A3 /* Baseball_Bat.scn in Resources */ = {isa = PBXBuildFile; fileRef = ED4DAB8020B34062003BC5A3 /* Baseball_Bat.scn */; };
		ED4DAB8D20B34741003BC5A3 /* baseball_bat.jpg in Resources */ = {isa = PBXBuildFile; fileRef = ED4DAB8C20B34741003BC5A3 /* baseball_bat.jpg */; };
		ED689F4A20AFD3D6000BBEE9 /* football_diffuse_no_ao.jpg in Resources */ = {isa = PBXBuildFile; fileRef = ED689F4920AFD3D6000BBEE9 /* football_diffuse_no_ao.jpg */; };
		ED689F4D20AFE71A000BBEE9 /* Football.scn in Resources */ = {isa = PBXBuildFile; fileRef = ED689F4B20AFD3F8000BBEE9 /* Football.scn */; };
		ED99602420AE08300058EC18 /* AppDelegate.swift in Sources */ = {isa = PBXBuildFile; fileRef = ED99602320AE08300058EC18 /* AppDelegate.swift */; };
		ED99602620AE08300058EC18 /* GameViewController.swift in Sources */ = {isa = PBXBuildFile; fileRef = ED99602520AE08300058EC18 /* GameViewController.swift */; };
		ED99602920AE08300058EC18 /* Main.storyboard in Resources */ = {isa = PBXBuildFile; fileRef = ED99602720AE08300058EC18 /* Main.storyboard */; };
		ED99602B20AE08320058EC18 /* Assets.xcassets in Resources */ = {isa = PBXBuildFile; fileRef = ED99602A20AE08320058EC18 /* Assets.xcassets */; };
		ED99602E20AE08320058EC18 /* LaunchScreen.storyboard in Resources */ = {isa = PBXBuildFile; fileRef = ED99602C20AE08320058EC18 /* LaunchScreen.storyboard */; };
		ED99603920AE08320058EC18 /* ARCatchTests.swift in Sources */ = {isa = PBXBuildFile; fileRef = ED99603820AE08320058EC18 /* ARCatchTests.swift */; };
		ED99604420AE08320058EC18 /* ARCatchUITests.swift in Sources */ = {isa = PBXBuildFile; fileRef = ED99604320AE08320058EC18 /* ARCatchUITests.swift */; };
		EDB7F48A20BDC6520048C3FB /* metal_scratches_1.jpg in Resources */ = {isa = PBXBuildFile; fileRef = EDB7F48720BDC6510048C3FB /* metal_scratches_1.jpg */; };
		EDB7F48B20BDC6520048C3FB /* dirt_texture.jpg in Resources */ = {isa = PBXBuildFile; fileRef = EDB7F48820BDC6510048C3FB /* dirt_texture.jpg */; };
		EDB7F48C20BDC6520048C3FB /* metal_scratches.jpg in Resources */ = {isa = PBXBuildFile; fileRef = EDB7F48920BDC6520048C3FB /* metal_scratches.jpg */; };
		EDB7F48D20BDC8790048C3FB /* Bullet.scn in Resources */ = {isa = PBXBuildFile; fileRef = EDB7F48620BDC6120048C3FB /* Bullet.scn */; };
		EDCE182620B73B1900FFE779 /* GameOverViewController.swift in Sources */ = {isa = PBXBuildFile; fileRef = EDCE182520B73B1900FFE779 /* GameOverViewController.swift */; };
		EDF5FCE320AFB7B6008FCE67 /* Ball_Diffuse.png in Resources */ = {isa = PBXBuildFile; fileRef = EDF5FCE020AFB7B6008FCE67 /* Ball_Diffuse.png */; };
		EDF5FCE420AFB7B6008FCE67 /* Ball_Normal.png in Resources */ = {isa = PBXBuildFile; fileRef = EDF5FCE120AFB7B6008FCE67 /* Ball_Normal.png */; };
		EDF5FCE520AFB7B6008FCE67 /* Ball.scn in Resources */ = {isa = PBXBuildFile; fileRef = EDF5FCE220AFB7B6008FCE67 /* Ball.scn */; };
		EDF5FCE720AFD02D008FCE67 /* balldiffuse.jpg in Resources */ = {isa = PBXBuildFile; fileRef = EDF5FCE620AFD02D008FCE67 /* balldiffuse.jpg */; };
/* End PBXBuildFile section */

/* Begin PBXContainerItemProxy section */
		ED99603520AE08320058EC18 /* PBXContainerItemProxy */ = {
			isa = PBXContainerItemProxy;
			containerPortal = ED99601820AE08300058EC18 /* Project object */;
			proxyType = 1;
			remoteGlobalIDString = ED99601F20AE08300058EC18;
			remoteInfo = ARCatch;
		};
		ED99604020AE08320058EC18 /* PBXContainerItemProxy */ = {
			isa = PBXContainerItemProxy;
			containerPortal = ED99601820AE08300058EC18 /* Project object */;
			proxyType = 1;
			remoteGlobalIDString = ED99601F20AE08300058EC18;
			remoteInfo = ARCatch;
		};
/* End PBXContainerItemProxy section */

/* Begin PBXFileReference section */
		ED2773CA20B8A7550020BCB1 /* NBA BASKETBALL BUMP.tga */ = {isa = PBXFileReference; lastKnownFileType = file; path = "NBA BASKETBALL BUMP.tga"; sourceTree = "<group>"; };
		ED2773CB20B8A7560020BCB1 /* NBA BASKETBALL DIFFUSE.tga */ = {isa = PBXFileReference; lastKnownFileType = file; path = "NBA BASKETBALL DIFFUSE.tga"; sourceTree = "<group>"; };
		ED2773CC20B8A7560020BCB1 /* NBA BASKETBALL.mtl */ = {isa = PBXFileReference; fileEncoding = 4; lastKnownFileType = text; path = "NBA BASKETBALL.mtl"; sourceTree = "<group>"; };
		ED2773D120B8A80E0020BCB1 /* Basketball.scn */ = {isa = PBXFileReference; lastKnownFileType = file.bplist; path = Basketball.scn; sourceTree = "<group>"; };
		ED2885FF20B49DB300DECEF1 /* LevelsManager.swift */ = {isa = PBXFileReference; lastKnownFileType = sourcecode.swift; path = LevelsManager.swift; sourceTree = "<group>"; };
		ED28860320B4A21600DECEF1 /* NodeGenerator.swift */ = {isa = PBXFileReference; lastKnownFileType = sourcecode.swift; path = NodeGenerator.swift; sourceTree = "<group>"; };
		ED28860520B4D02200DECEF1 /* Constants.swift */ = {isa = PBXFileReference; fileEncoding = 4; lastKnownFileType = sourcecode.swift; path = Constants.swift; sourceTree = "<group>"; };
		ED28860920B4E9DD00DECEF1 /* Normal.png */ = {isa = PBXFileReference; lastKnownFileType = image.png; path = Normal.png; sourceTree = "<group>"; };
		ED28860A20B4E9DD00DECEF1 /* Rough.png */ = {isa = PBXFileReference; lastKnownFileType = image.png; path = Rough.png; sourceTree = "<group>"; };
		ED28860B20B4E9DD00DECEF1 /* Albedo.png */ = {isa = PBXFileReference; lastKnownFileType = image.png; path = Albedo.png; sourceTree = "<group>"; };
		ED28860C20B4E9DE00DECEF1 /* Metal.png */ = {isa = PBXFileReference; lastKnownFileType = image.png; path = Metal.png; sourceTree = "<group>"; };
		ED28861120B4EAA300DECEF1 /* Bomb.scn */ = {isa = PBXFileReference; lastKnownFileType = file.bplist; path = Bomb.scn; sourceTree = "<group>"; };
		ED28861320B546B200DECEF1 /* spark.png */ = {isa = PBXFileReference; lastKnownFileType = image.png; path = spark.png; sourceTree = "<group>"; };
		ED28861420B546B200DECEF1 /* BombFlame.scnp */ = {isa = PBXFileReference; lastKnownFileType = file.scp; path = BombFlame.scnp; sourceTree = "<group>"; };
		ED28862420B54AB200DECEF1 /* sparkGas.png */ = {isa = PBXFileReference; lastKnownFileType = image.png; name = sparkGas.png; path = ../sparkGas.png; sourceTree = "<group>"; };
		ED28862520B54AB200DECEF1 /* Gas.scnp */ = {isa = PBXFileReference; lastKnownFileType = file.scp; path = Gas.scnp; sourceTree = "<group>"; };
		ED28863220B5F3A500DECEF1 /* Explode.scnp */ = {isa = PBXFileReference; lastKnownFileType = file.scp; path = Explode.scnp; sourceTree = "<group>"; };
		ED28863420B5F67300DECEF1 /* Explosion.scnp */ = {isa = PBXFileReference; lastKnownFileType = file.scp; path = Explosion.scnp; sourceTree = "<group>"; };
		ED28863620B616E200DECEF1 /* MainMenuViewController.swift */ = {isa = PBXFileReference; lastKnownFileType = sourcecode.swift; path = MainMenuViewController.swift; sourceTree = "<group>"; };
		ED49F4D220BF19FE001B44A5 /* ExplosionSmall.scnp */ = {isa = PBXFileReference; lastKnownFileType = file.scp; path = ExplosionSmall.scnp; sourceTree = "<group>"; };
		ED4DAB7C20B1F95F003BC5A3 /* Whoosh.mp3 */ = {isa = PBXFileReference; lastKnownFileType = audio.mp3; path = Whoosh.mp3; sourceTree = "<group>"; };
		ED4DAB7E20B1FA9F003BC5A3 /* caughtball.mp3 */ = {isa = PBXFileReference; lastKnownFileType = audio.mp3; path = caughtball.mp3; sourceTree = "<group>"; };
		ED4DAB8020B34062003BC5A3 /* Baseball_Bat.scn */ = {isa = PBXFileReference; lastKnownFileType = file.bplist; path = Baseball_Bat.scn; sourceTree = "<group>"; };
		ED4DAB8C20B34741003BC5A3 /* baseball_bat.jpg */ = {isa = PBXFileReference; lastKnownFileType = image.jpeg; path = baseball_bat.jpg; sourceTree = "<group>"; };
		ED689F4920AFD3D6000BBEE9 /* football_diffuse_no_ao.jpg */ = {isa = PBXFileReference; lastKnownFileType = image.jpeg; path = football_diffuse_no_ao.jpg; sourceTree = "<group>"; };
		ED689F4B20AFD3F8000BBEE9 /* Football.scn */ = {isa = PBXFileReference; lastKnownFileType = file.bplist; path = Football.scn; sourceTree = "<group>"; };
		ED99602020AE08300058EC18 /* ARCatch.app */ = {isa = PBXFileReference; explicitFileType = wrapper.application; includeInIndex = 0; path = ARCatch.app; sourceTree = BUILT_PRODUCTS_DIR; };
		ED99602320AE08300058EC18 /* AppDelegate.swift */ = {isa = PBXFileReference; lastKnownFileType = sourcecode.swift; path = AppDelegate.swift; sourceTree = "<group>"; };
		ED99602520AE08300058EC18 /* GameViewController.swift */ = {isa = PBXFileReference; lastKnownFileType = sourcecode.swift; path = GameViewController.swift; sourceTree = "<group>"; };
		ED99602820AE08300058EC18 /* Base */ = {isa = PBXFileReference; lastKnownFileType = file.storyboard; name = Base; path = Base.lproj/Main.storyboard; sourceTree = "<group>"; };
		ED99602A20AE08320058EC18 /* Assets.xcassets */ = {isa = PBXFileReference; lastKnownFileType = folder.assetcatalog; path = Assets.xcassets; sourceTree = "<group>"; };
		ED99602D20AE08320058EC18 /* Base */ = {isa = PBXFileReference; lastKnownFileType = file.storyboard; name = Base; path = Base.lproj/LaunchScreen.storyboard; sourceTree = "<group>"; };
		ED99602F20AE08320058EC18 /* Info.plist */ = {isa = PBXFileReference; lastKnownFileType = text.plist.xml; path = Info.plist; sourceTree = "<group>"; };
		ED99603420AE08320058EC18 /* ARCatchTests.xctest */ = {isa = PBXFileReference; explicitFileType = wrapper.cfbundle; includeInIndex = 0; path = ARCatchTests.xctest; sourceTree = BUILT_PRODUCTS_DIR; };
		ED99603820AE08320058EC18 /* ARCatchTests.swift */ = {isa = PBXFileReference; lastKnownFileType = sourcecode.swift; path = ARCatchTests.swift; sourceTree = "<group>"; };
		ED99603A20AE08320058EC18 /* Info.plist */ = {isa = PBXFileReference; lastKnownFileType = text.plist.xml; path = Info.plist; sourceTree = "<group>"; };
		ED99603F20AE08320058EC18 /* ARCatchUITests.xctest */ = {isa = PBXFileReference; explicitFileType = wrapper.cfbundle; includeInIndex = 0; path = ARCatchUITests.xctest; sourceTree = BUILT_PRODUCTS_DIR; };
		ED99604320AE08320058EC18 /* ARCatchUITests.swift */ = {isa = PBXFileReference; lastKnownFileType = sourcecode.swift; path = ARCatchUITests.swift; sourceTree = "<group>"; };
		ED99604520AE08320058EC18 /* Info.plist */ = {isa = PBXFileReference; lastKnownFileType = text.plist.xml; path = Info.plist; sourceTree = "<group>"; };
		EDB7F48620BDC6120048C3FB /* Bullet.scn */ = {isa = PBXFileReference; lastKnownFileType = file.bplist; path = Bullet.scn; sourceTree = "<group>"; };
		EDB7F48720BDC6510048C3FB /* metal_scratches_1.jpg */ = {isa = PBXFileReference; lastKnownFileType = image.jpeg; path = metal_scratches_1.jpg; sourceTree = "<group>"; };
		EDB7F48820BDC6510048C3FB /* dirt_texture.jpg */ = {isa = PBXFileReference; lastKnownFileType = image.jpeg; path = dirt_texture.jpg; sourceTree = "<group>"; };
		EDB7F48920BDC6520048C3FB /* metal_scratches.jpg */ = {isa = PBXFileReference; lastKnownFileType = image.jpeg; path = metal_scratches.jpg; sourceTree = "<group>"; };
		EDCE182520B73B1900FFE779 /* GameOverViewController.swift */ = {isa = PBXFileReference; lastKnownFileType = sourcecode.swift; path = GameOverViewController.swift; sourceTree = "<group>"; };
		EDF5FCE020AFB7B6008FCE67 /* Ball_Diffuse.png */ = {isa = PBXFileReference; lastKnownFileType = image.png; path = Ball_Diffuse.png; sourceTree = "<group>"; };
		EDF5FCE120AFB7B6008FCE67 /* Ball_Normal.png */ = {isa = PBXFileReference; lastKnownFileType = image.png; path = Ball_Normal.png; sourceTree = "<group>"; };
		EDF5FCE220AFB7B6008FCE67 /* Ball.scn */ = {isa = PBXFileReference; lastKnownFileType = file.bplist; path = Ball.scn; sourceTree = "<group>"; };
		EDF5FCE620AFD02D008FCE67 /* balldiffuse.jpg */ = {isa = PBXFileReference; lastKnownFileType = image.jpeg; path = balldiffuse.jpg; sourceTree = "<group>"; };
/* End PBXFileReference section */

/* Begin PBXFrameworksBuildPhase section */
		ED99601D20AE08300058EC18 /* Frameworks */ = {
			isa = PBXFrameworksBuildPhase;
			buildActionMask = 2147483647;
			files = (
			);
			runOnlyForDeploymentPostprocessing = 0;
		};
		ED99603120AE08320058EC18 /* Frameworks */ = {
			isa = PBXFrameworksBuildPhase;
			buildActionMask = 2147483647;
			files = (
			);
			runOnlyForDeploymentPostprocessing = 0;
		};
		ED99603C20AE08320058EC18 /* Frameworks */ = {
			isa = PBXFrameworksBuildPhase;
			buildActionMask = 2147483647;
			files = (
			);
			runOnlyForDeploymentPostprocessing = 0;
		};
/* End PBXFrameworksBuildPhase section */

/* Begin PBXGroup section */
		ED28861920B54A1800DECEF1 /* Particle Systems */ = {
			isa = PBXGroup;
			children = (
				ED28863220B5F3A500DECEF1 /* Explode.scnp */,
				ED28863420B5F67300DECEF1 /* Explosion.scnp */,
				ED49F4D220BF19FE001B44A5 /* ExplosionSmall.scnp */,
				ED28862520B54AB200DECEF1 /* Gas.scnp */,
				ED28862420B54AB200DECEF1 /* sparkGas.png */,
				ED28861420B546B200DECEF1 /* BombFlame.scnp */,
				ED28861320B546B200DECEF1 /* spark.png */,
			);
			path = "Particle Systems";
			sourceTree = "<group>";
		};
		ED28863820B616F500DECEF1 /* Controllers */ = {
			isa = PBXGroup;
			children = (
				ED28863620B616E200DECEF1 /* MainMenuViewController.swift */,
				ED99602520AE08300058EC18 /* GameViewController.swift */,
				EDCE182520B73B1900FFE779 /* GameOverViewController.swift */,
			);
			path = Controllers;
			sourceTree = "<group>";
		};
		ED28863920B6170200DECEF1 /* Model */ = {
			isa = PBXGroup;
			children = (
				ED28860520B4D02200DECEF1 /* Constants.swift */,
				ED2885FF20B49DB300DECEF1 /* LevelsManager.swift */,
				ED28860320B4A21600DECEF1 /* NodeGenerator.swift */,
			);
			path = Model;
			sourceTree = "<group>";
		};
		ED689F4C20AFE4F6000BBEE9 /* 3d Models */ = {
			isa = PBXGroup;
			children = (
				ED689F4B20AFD3F8000BBEE9 /* Football.scn */,
				ED689F4920AFD3D6000BBEE9 /* football_diffuse_no_ao.jpg */,
				EDF5FCE220AFB7B6008FCE67 /* Ball.scn */,
				EDF5FCE620AFD02D008FCE67 /* balldiffuse.jpg */,
				EDF5FCE020AFB7B6008FCE67 /* Ball_Diffuse.png */,
				EDF5FCE120AFB7B6008FCE67 /* Ball_Normal.png */,
				ED4DAB8020B34062003BC5A3 /* Baseball_Bat.scn */,
				ED4DAB8C20B34741003BC5A3 /* baseball_bat.jpg */,
				ED28861120B4EAA300DECEF1 /* Bomb.scn */,
				ED28860B20B4E9DD00DECEF1 /* Albedo.png */,
				ED28860C20B4E9DE00DECEF1 /* Metal.png */,
				ED28860920B4E9DD00DECEF1 /* Normal.png */,
				ED28860A20B4E9DD00DECEF1 /* Rough.png */,
				ED2773CA20B8A7550020BCB1 /* NBA BASKETBALL BUMP.tga */,
				ED2773CB20B8A7560020BCB1 /* NBA BASKETBALL DIFFUSE.tga */,
				ED2773CC20B8A7560020BCB1 /* NBA BASKETBALL.mtl */,
				ED2773D120B8A80E0020BCB1 /* Basketball.scn */,
				EDB7F48620BDC6120048C3FB /* Bullet.scn */,
				EDB7F48820BDC6510048C3FB /* dirt_texture.jpg */,
				EDB7F48720BDC6510048C3FB /* metal_scratches_1.jpg */,
				EDB7F48920BDC6520048C3FB /* metal_scratches.jpg */,
			);
			path = "3d Models";
			sourceTree = "<group>";
		};
		ED99601720AE08300058EC18 = {
			isa = PBXGroup;
			children = (
				ED99602220AE08300058EC18 /* ARCatch */,
				ED99603720AE08320058EC18 /* ARCatchTests */,
				ED99604220AE08320058EC18 /* ARCatchUITests */,
				ED99602120AE08300058EC18 /* Products */,
			);
			sourceTree = "<group>";
		};
		ED99602120AE08300058EC18 /* Products */ = {
			isa = PBXGroup;
			children = (
				ED99602020AE08300058EC18 /* ARCatch.app */,
				ED99603420AE08320058EC18 /* ARCatchTests.xctest */,
				ED99603F20AE08320058EC18 /* ARCatchUITests.xctest */,
			);
			name = Products;
			sourceTree = "<group>";
		};
		ED99602220AE08300058EC18 /* ARCatch */ = {
			isa = PBXGroup;
			children = (
				ED99602320AE08300058EC18 /* AppDelegate.swift */,
				ED28863820B616F500DECEF1 /* Controllers */,
				ED28863920B6170200DECEF1 /* Model */,
				ED99602720AE08300058EC18 /* Main.storyboard */,
				ED28861920B54A1800DECEF1 /* Particle Systems */,
				ED689F4C20AFE4F6000BBEE9 /* 3d Models */,
				ED99602A20AE08320058EC18 /* Assets.xcassets */,
				ED4DAB7C20B1F95F003BC5A3 /* Whoosh.mp3 */,
				ED4DAB7E20B1FA9F003BC5A3 /* caughtball.mp3 */,
				ED99602C20AE08320058EC18 /* LaunchScreen.storyboard */,
				ED99602F20AE08320058EC18 /* Info.plist */,
			);
			path = ARCatch;
			sourceTree = "<group>";
		};
		ED99603720AE08320058EC18 /* ARCatchTests */ = {
			isa = PBXGroup;
			children = (
				ED99603820AE08320058EC18 /* ARCatchTests.swift */,
				ED99603A20AE08320058EC18 /* Info.plist */,
			);
			path = ARCatchTests;
			sourceTree = "<group>";
		};
		ED99604220AE08320058EC18 /* ARCatchUITests */ = {
			isa = PBXGroup;
			children = (
				ED99604320AE08320058EC18 /* ARCatchUITests.swift */,
				ED99604520AE08320058EC18 /* Info.plist */,
			);
			path = ARCatchUITests;
			sourceTree = "<group>";
		};
/* End PBXGroup section */

/* Begin PBXNativeTarget section */
		ED99601F20AE08300058EC18 /* ARCatch */ = {
			isa = PBXNativeTarget;
			buildConfigurationList = ED99604820AE08320058EC18 /* Build configuration list for PBXNativeTarget "ARCatch" */;
			buildPhases = (
				ED99601C20AE08300058EC18 /* Sources */,
				ED99601D20AE08300058EC18 /* Frameworks */,
				ED99601E20AE08300058EC18 /* Resources */,
			);
			buildRules = (
			);
			dependencies = (
			);
			name = ARCatch;
			productName = ARCatch;
			productReference = ED99602020AE08300058EC18 /* ARCatch.app */;
			productType = "com.apple.product-type.application";
		};
		ED99603320AE08320058EC18 /* ARCatchTests */ = {
			isa = PBXNativeTarget;
			buildConfigurationList = ED99604B20AE08320058EC18 /* Build configuration list for PBXNativeTarget "ARCatchTests" */;
			buildPhases = (
				ED99603020AE08320058EC18 /* Sources */,
				ED99603120AE08320058EC18 /* Frameworks */,
				ED99603220AE08320058EC18 /* Resources */,
			);
			buildRules = (
			);
			dependencies = (
				ED99603620AE08320058EC18 /* PBXTargetDependency */,
			);
			name = ARCatchTests;
			productName = ARCatchTests;
			productReference = ED99603420AE08320058EC18 /* ARCatchTests.xctest */;
			productType = "com.apple.product-type.bundle.unit-test";
		};
		ED99603E20AE08320058EC18 /* ARCatchUITests */ = {
			isa = PBXNativeTarget;
			buildConfigurationList = ED99604E20AE08320058EC18 /* Build configuration list for PBXNativeTarget "ARCatchUITests" */;
			buildPhases = (
				ED99603B20AE08320058EC18 /* Sources */,
				ED99603C20AE08320058EC18 /* Frameworks */,
				ED99603D20AE08320058EC18 /* Resources */,
			);
			buildRules = (
			);
			dependencies = (
				ED99604120AE08320058EC18 /* PBXTargetDependency */,
			);
			name = ARCatchUITests;
			productName = ARCatchUITests;
			productReference = ED99603F20AE08320058EC18 /* ARCatchUITests.xctest */;
			productType = "com.apple.product-type.bundle.ui-testing";
		};
/* End PBXNativeTarget section */

/* Begin PBXProject section */
		ED99601820AE08300058EC18 /* Project object */ = {
			isa = PBXProject;
			attributes = {
				LastSwiftUpdateCheck = 0930;
				LastUpgradeCheck = 0930;
				ORGANIZATIONNAME = "Naman Kedia";
				TargetAttributes = {
					ED99601F20AE08300058EC18 = {
						CreatedOnToolsVersion = 9.3.1;
					};
					ED99603320AE08320058EC18 = {
						CreatedOnToolsVersion = 9.3.1;
						TestTargetID = ED99601F20AE08300058EC18;
					};
					ED99603E20AE08320058EC18 = {
						CreatedOnToolsVersion = 9.3.1;
						TestTargetID = ED99601F20AE08300058EC18;
					};
				};
			};
			buildConfigurationList = ED99601B20AE08300058EC18 /* Build configuration list for PBXProject "ARCatch" */;
			compatibilityVersion = "Xcode 9.3";
			developmentRegion = en;
			hasScannedForEncodings = 0;
			knownRegions = (
				en,
				Base,
			);
			mainGroup = ED99601720AE08300058EC18;
			productRefGroup = ED99602120AE08300058EC18 /* Products */;
			projectDirPath = "";
			projectRoot = "";
			targets = (
				ED99601F20AE08300058EC18 /* ARCatch */,
				ED99603320AE08320058EC18 /* ARCatchTests */,
				ED99603E20AE08320058EC18 /* ARCatchUITests */,
			);
		};
/* End PBXProject section */

/* Begin PBXResourcesBuildPhase section */
		ED99601E20AE08300058EC18 /* Resources */ = {
			isa = PBXResourcesBuildPhase;
			buildActionMask = 2147483647;
			files = (
				ED28861220B4EB6E00DECEF1 /* Bomb.scn in Resources */,
				ED28863520B5F67300DECEF1 /* Explosion.scnp in Resources */,
				EDB7F48B20BDC6520048C3FB /* dirt_texture.jpg in Resources */,
				EDF5FCE420AFB7B6008FCE67 /* Ball_Normal.png in Resources */,
				ED28860E20B4E9DE00DECEF1 /* Rough.png in Resources */,
				ED99602E20AE08320058EC18 /* LaunchScreen.storyboard in Resources */,
				ED4DAB7F20B1FA9F003BC5A3 /* caughtball.mp3 in Resources */,
				ED2773CF20B8A7570020BCB1 /* NBA BASKETBALL DIFFUSE.tga in Resources */,
				EDB7F48A20BDC6520048C3FB /* metal_scratches_1.jpg in Resources */,
				ED689F4D20AFE71A000BBEE9 /* Football.scn in Resources */,
				ED49F4D320BF19FF001B44A5 /* ExplosionSmall.scnp in Resources */,
				ED28861520B546B200DECEF1 /* spark.png in Resources */,
				EDF5FCE720AFD02D008FCE67 /* balldiffuse.jpg in Resources */,
				ED28860F20B4E9DE00DECEF1 /* Albedo.png in Resources */,
				ED28861620B546B200DECEF1 /* BombFlame.scnp in Resources */,
				ED2773D020B8A7570020BCB1 /* NBA BASKETBALL.mtl in Resources */,
				ED28861020B4E9DE00DECEF1 /* Metal.png in Resources */,
				ED99602B20AE08320058EC18 /* Assets.xcassets in Resources */,
				ED28863320B5F3A500DECEF1 /* Explode.scnp in Resources */,
				ED28862620B54AB200DECEF1 /* sparkGas.png in Resources */,
				ED4DAB7D20B1F95F003BC5A3 /* Whoosh.mp3 in Resources */,
				EDB7F48D20BDC8790048C3FB /* Bullet.scn in Resources */,
				ED689F4A20AFD3D6000BBEE9 /* football_diffuse_no_ao.jpg in Resources */,
				ED4DAB8D20B34741003BC5A3 /* baseball_bat.jpg in Resources */,
				EDF5FCE320AFB7B6008FCE67 /* Ball_Diffuse.png in Resources */,
				ED28860D20B4E9DE00DECEF1 /* Normal.png in Resources */,
				ED2773CE20B8A7570020BCB1 /* NBA BASKETBALL BUMP.tga in Resources */,
				EDB7F48C20BDC6520048C3FB /* metal_scratches.jpg in Resources */,
				EDF5FCE520AFB7B6008FCE67 /* Ball.scn in Resources */,
				ED4DAB8120B34062003BC5A3 /* Baseball_Bat.scn in Resources */,
				ED28862720B54AB200DECEF1 /* Gas.scnp in Resources */,
				ED99602920AE08300058EC18 /* Main.storyboard in Resources */,
				ED2773D220B8A82E0020BCB1 /* Basketball.scn in Resources */,
			);
			runOnlyForDeploymentPostprocessing = 0;
		};
		ED99603220AE08320058EC18 /* Resources */ = {
			isa = PBXResourcesBuildPhase;
			buildActionMask = 2147483647;
			files = (
			);
			runOnlyForDeploymentPostprocessing = 0;
		};
		ED99603D20AE08320058EC18 /* Resources */ = {
			isa = PBXResourcesBuildPhase;
			buildActionMask = 2147483647;
			files = (
			);
			runOnlyForDeploymentPostprocessing = 0;
		};
/* End PBXResourcesBuildPhase section */

/* Begin PBXSourcesBuildPhase section */
		ED99601C20AE08300058EC18 /* Sources */ = {
			isa = PBXSourcesBuildPhase;
			buildActionMask = 2147483647;
			files = (
				ED28863720B616E200DECEF1 /* MainMenuViewController.swift in Sources */,
				ED28860420B4A21600DECEF1 /* NodeGenerator.swift in Sources */,
				ED99602620AE08300058EC18 /* GameViewController.swift in Sources */,
				ED99602420AE08300058EC18 /* AppDelegate.swift in Sources */,
				EDCE182620B73B1900FFE779 /* GameOverViewController.swift in Sources */,
				ED28860620B4D02200DECEF1 /* Constants.swift in Sources */,
				ED28860020B49DB300DECEF1 /* LevelsManager.swift in Sources */,
			);
			runOnlyForDeploymentPostprocessing = 0;
		};
		ED99603020AE08320058EC18 /* Sources */ = {
			isa = PBXSourcesBuildPhase;
			buildActionMask = 2147483647;
			files = (
				ED99603920AE08320058EC18 /* ARCatchTests.swift in Sources */,
			);
			runOnlyForDeploymentPostprocessing = 0;
		};
		ED99603B20AE08320058EC18 /* Sources */ = {
			isa = PBXSourcesBuildPhase;
			buildActionMask = 2147483647;
			files = (
				ED99604420AE08320058EC18 /* ARCatchUITests.swift in Sources */,
			);
			runOnlyForDeploymentPostprocessing = 0;
		};
/* End PBXSourcesBuildPhase section */

/* Begin PBXTargetDependency section */
		ED99603620AE08320058EC18 /* PBXTargetDependency */ = {
			isa = PBXTargetDependency;
			target = ED99601F20AE08300058EC18 /* ARCatch */;
			targetProxy = ED99603520AE08320058EC18 /* PBXContainerItemProxy */;
		};
		ED99604120AE08320058EC18 /* PBXTargetDependency */ = {
			isa = PBXTargetDependency;
			target = ED99601F20AE08300058EC18 /* ARCatch */;
			targetProxy = ED99604020AE08320058EC18 /* PBXContainerItemProxy */;
		};
/* End PBXTargetDependency section */

/* Begin PBXVariantGroup section */
		ED99602720AE08300058EC18 /* Main.storyboard */ = {
			isa = PBXVariantGroup;
			children = (
				ED99602820AE08300058EC18 /* Base */,
			);
			name = Main.storyboard;
			sourceTree = "<group>";
		};
		ED99602C20AE08320058EC18 /* LaunchScreen.storyboard */ = {
			isa = PBXVariantGroup;
			children = (
				ED99602D20AE08320058EC18 /* Base */,
			);
			name = LaunchScreen.storyboard;
			sourceTree = "<group>";
		};
/* End PBXVariantGroup section */

/* Begin XCBuildConfiguration section */
		ED99604620AE08320058EC18 /* Debug */ = {
			isa = XCBuildConfiguration;
			buildSettings = {
				ALWAYS_SEARCH_USER_PATHS = NO;
				CLANG_ANALYZER_NONNULL = YES;
				CLANG_ANALYZER_NUMBER_OBJECT_CONVERSION = YES_AGGRESSIVE;
				CLANG_CXX_LANGUAGE_STANDARD = "gnu++14";
				CLANG_CXX_LIBRARY = "libc++";
				CLANG_ENABLE_MODULES = YES;
				CLANG_ENABLE_OBJC_ARC = YES;
				CLANG_ENABLE_OBJC_WEAK = YES;
				CLANG_WARN_BLOCK_CAPTURE_AUTORELEASING = YES;
				CLANG_WARN_BOOL_CONVERSION = YES;
				CLANG_WARN_COMMA = YES;
				CLANG_WARN_CONSTANT_CONVERSION = YES;
				CLANG_WARN_DEPRECATED_OBJC_IMPLEMENTATIONS = YES;
				CLANG_WARN_DIRECT_OBJC_ISA_USAGE = YES_ERROR;
				CLANG_WARN_DOCUMENTATION_COMMENTS = YES;
				CLANG_WARN_EMPTY_BODY = YES;
				CLANG_WARN_ENUM_CONVERSION = YES;
				CLANG_WARN_INFINITE_RECURSION = YES;
				CLANG_WARN_INT_CONVERSION = YES;
				CLANG_WARN_NON_LITERAL_NULL_CONVERSION = YES;
				CLANG_WARN_OBJC_IMPLICIT_RETAIN_SELF = YES;
				CLANG_WARN_OBJC_LITERAL_CONVERSION = YES;
				CLANG_WARN_OBJC_ROOT_CLASS = YES_ERROR;
				CLANG_WARN_RANGE_LOOP_ANALYSIS = YES;
				CLANG_WARN_STRICT_PROTOTYPES = YES;
				CLANG_WARN_SUSPICIOUS_MOVE = YES;
				CLANG_WARN_UNGUARDED_AVAILABILITY = YES_AGGRESSIVE;
				CLANG_WARN_UNREACHABLE_CODE = YES;
				CLANG_WARN__DUPLICATE_METHOD_MATCH = YES;
				CODE_SIGN_IDENTITY = "iPhone Developer";
				COPY_PHASE_STRIP = NO;
				DEBUG_INFORMATION_FORMAT = dwarf;
				ENABLE_STRICT_OBJC_MSGSEND = YES;
				ENABLE_TESTABILITY = YES;
				GCC_C_LANGUAGE_STANDARD = gnu11;
				GCC_DYNAMIC_NO_PIC = NO;
				GCC_NO_COMMON_BLOCKS = YES;
				GCC_OPTIMIZATION_LEVEL = 0;
				GCC_PREPROCESSOR_DEFINITIONS = (
					"DEBUG=1",
					"$(inherited)",
				);
				GCC_WARN_64_TO_32_BIT_CONVERSION = YES;
				GCC_WARN_ABOUT_RETURN_TYPE = YES_ERROR;
				GCC_WARN_UNDECLARED_SELECTOR = YES;
				GCC_WARN_UNINITIALIZED_AUTOS = YES_AGGRESSIVE;
				GCC_WARN_UNUSED_FUNCTION = YES;
				GCC_WARN_UNUSED_VARIABLE = YES;
				IPHONEOS_DEPLOYMENT_TARGET = 11.3;
				MTL_ENABLE_DEBUG_INFO = YES;
				ONLY_ACTIVE_ARCH = YES;
				SDKROOT = iphoneos;
				SWIFT_ACTIVE_COMPILATION_CONDITIONS = DEBUG;
				SWIFT_OPTIMIZATION_LEVEL = "-Onone";
			};
			name = Debug;
		};
		ED99604720AE08320058EC18 /* Release */ = {
			isa = XCBuildConfiguration;
			buildSettings = {
				ALWAYS_SEARCH_USER_PATHS = NO;
				CLANG_ANALYZER_NONNULL = YES;
				CLANG_ANALYZER_NUMBER_OBJECT_CONVERSION = YES_AGGRESSIVE;
				CLANG_CXX_LANGUAGE_STANDARD = "gnu++14";
				CLANG_CXX_LIBRARY = "libc++";
				CLANG_ENABLE_MODULES = YES;
				CLANG_ENABLE_OBJC_ARC = YES;
				CLANG_ENABLE_OBJC_WEAK = YES;
				CLANG_WARN_BLOCK_CAPTURE_AUTORELEASING = YES;
				CLANG_WARN_BOOL_CONVERSION = YES;
				CLANG_WARN_COMMA = YES;
				CLANG_WARN_CONSTANT_CONVERSION = YES;
				CLANG_WARN_DEPRECATED_OBJC_IMPLEMENTATIONS = YES;
				CLANG_WARN_DIRECT_OBJC_ISA_USAGE = YES_ERROR;
				CLANG_WARN_DOCUMENTATION_COMMENTS = YES;
				CLANG_WARN_EMPTY_BODY = YES;
				CLANG_WARN_ENUM_CONVERSION = YES;
				CLANG_WARN_INFINITE_RECURSION = YES;
				CLANG_WARN_INT_CONVERSION = YES;
				CLANG_WARN_NON_LITERAL_NULL_CONVERSION = YES;
				CLANG_WARN_OBJC_IMPLICIT_RETAIN_SELF = YES;
				CLANG_WARN_OBJC_LITERAL_CONVERSION = YES;
				CLANG_WARN_OBJC_ROOT_CLASS = YES_ERROR;
				CLANG_WARN_RANGE_LOOP_ANALYSIS = YES;
				CLANG_WARN_STRICT_PROTOTYPES = YES;
				CLANG_WARN_SUSPICIOUS_MOVE = YES;
				CLANG_WARN_UNGUARDED_AVAILABILITY = YES_AGGRESSIVE;
				CLANG_WARN_UNREACHABLE_CODE = YES;
				CLANG_WARN__DUPLICATE_METHOD_MATCH = YES;
				CODE_SIGN_IDENTITY = "iPhone Developer";
				COPY_PHASE_STRIP = NO;
				DEBUG_INFORMATION_FORMAT = "dwarf-with-dsym";
				ENABLE_NS_ASSERTIONS = NO;
				ENABLE_STRICT_OBJC_MSGSEND = YES;
				GCC_C_LANGUAGE_STANDARD = gnu11;
				GCC_NO_COMMON_BLOCKS = YES;
				GCC_WARN_64_TO_32_BIT_CONVERSION = YES;
				GCC_WARN_ABOUT_RETURN_TYPE = YES_ERROR;
				GCC_WARN_UNDECLARED_SELECTOR = YES;
				GCC_WARN_UNINITIALIZED_AUTOS = YES_AGGRESSIVE;
				GCC_WARN_UNUSED_FUNCTION = YES;
				GCC_WARN_UNUSED_VARIABLE = YES;
				IPHONEOS_DEPLOYMENT_TARGET = 11.3;
				MTL_ENABLE_DEBUG_INFO = NO;
				SDKROOT = iphoneos;
				SWIFT_COMPILATION_MODE = wholemodule;
				SWIFT_OPTIMIZATION_LEVEL = "-O";
				VALIDATE_PRODUCT = YES;
			};
			name = Release;
		};
		ED99604920AE08320058EC18 /* Debug */ = {
			isa = XCBuildConfiguration;
			buildSettings = {
				ASSETCATALOG_COMPILER_APPICON_NAME = AppIcon;
				CODE_SIGN_STYLE = Automatic;
				DEVELOPMENT_TEAM = T252EPP745;
				INFOPLIST_FILE = ARCatch/Info.plist;
				LD_RUNPATH_SEARCH_PATHS = (
					"$(inherited)",
					"@executable_path/Frameworks",
				);
				PRODUCT_BUNDLE_IDENTIFIER = Naman.ARCatch;
				PRODUCT_NAME = "$(TARGET_NAME)";
				SWIFT_VERSION = 4.0;
				TARGETED_DEVICE_FAMILY = "1,2";
			};
			name = Debug;
		};
		ED99604A20AE08320058EC18 /* Release */ = {
			isa = XCBuildConfiguration;
			buildSettings = {
				ASSETCATALOG_COMPILER_APPICON_NAME = AppIcon;
				CODE_SIGN_STYLE = Automatic;
				DEVELOPMENT_TEAM = T252EPP745;
				INFOPLIST_FILE = ARCatch/Info.plist;
				LD_RUNPATH_SEARCH_PATHS = (
					"$(inherited)",
					"@executable_path/Frameworks",
				);
				PRODUCT_BUNDLE_IDENTIFIER = Naman.ARCatch;
				PRODUCT_NAME = "$(TARGET_NAME)";
				SWIFT_VERSION = 4.0;
				TARGETED_DEVICE_FAMILY = "1,2";
			};
			name = Release;
		};
		ED99604C20AE08320058EC18 /* Debug */ = {
			isa = XCBuildConfiguration;
			buildSettings = {
				ALWAYS_EMBED_SWIFT_STANDARD_LIBRARIES = YES;
				BUNDLE_LOADER = "$(TEST_HOST)";
				CODE_SIGN_STYLE = Automatic;
				DEVELOPMENT_TEAM = T252EPP745;
				INFOPLIST_FILE = ARCatchTests/Info.plist;
				LD_RUNPATH_SEARCH_PATHS = (
					"$(inherited)",
					"@executable_path/Frameworks",
					"@loader_path/Frameworks",
				);
				PRODUCT_BUNDLE_IDENTIFIER = Naman.ARCatchTests;
				PRODUCT_NAME = "$(TARGET_NAME)";
				SWIFT_VERSION = 4.0;
				TARGETED_DEVICE_FAMILY = "1,2";
				TEST_HOST = "$(BUILT_PRODUCTS_DIR)/ARCatch.app/ARCatch";
			};
			name = Debug;
		};
		ED99604D20AE08320058EC18 /* Release */ = {
			isa = XCBuildConfiguration;
			buildSettings = {
				ALWAYS_EMBED_SWIFT_STANDARD_LIBRARIES = YES;
				BUNDLE_LOADER = "$(TEST_HOST)";
				CODE_SIGN_STYLE = Automatic;
				DEVELOPMENT_TEAM = T252EPP745;
				INFOPLIST_FILE = ARCatchTests/Info.plist;
				LD_RUNPATH_SEARCH_PATHS = (
					"$(inherited)",
					"@executable_path/Frameworks",
					"@loader_path/Frameworks",
				);
				PRODUCT_BUNDLE_IDENTIFIER = Naman.ARCatchTests;
				PRODUCT_NAME = "$(TARGET_NAME)";
				SWIFT_VERSION = 4.0;
				TARGETED_DEVICE_FAMILY = "1,2";
				TEST_HOST = "$(BUILT_PRODUCTS_DIR)/ARCatch.app/ARCatch";
			};
			name = Release;
		};
		ED99604F20AE08320058EC18 /* Debug */ = {
			isa = XCBuildConfiguration;
			buildSettings = {
				ALWAYS_EMBED_SWIFT_STANDARD_LIBRARIES = YES;
				CODE_SIGN_STYLE = Automatic;
				DEVELOPMENT_TEAM = T252EPP745;
				INFOPLIST_FILE = ARCatchUITests/Info.plist;
				LD_RUNPATH_SEARCH_PATHS = (
					"$(inherited)",
					"@executable_path/Frameworks",
					"@loader_path/Frameworks",
				);
				PRODUCT_BUNDLE_IDENTIFIER = Naman.ARCatchUITests;
				PRODUCT_NAME = "$(TARGET_NAME)";
				SWIFT_VERSION = 4.0;
				TARGETED_DEVICE_FAMILY = "1,2";
				TEST_TARGET_NAME = ARCatch;
			};
			name = Debug;
		};
		ED99605020AE08320058EC18 /* Release */ = {
			isa = XCBuildConfiguration;
			buildSettings = {
				ALWAYS_EMBED_SWIFT_STANDARD_LIBRARIES = YES;
				CODE_SIGN_STYLE = Automatic;
				DEVELOPMENT_TEAM = T252EPP745;
				INFOPLIST_FILE = ARCatchUITests/Info.plist;
				LD_RUNPATH_SEARCH_PATHS = (
					"$(inherited)",
					"@executable_path/Frameworks",
					"@loader_path/Frameworks",
				);
				PRODUCT_BUNDLE_IDENTIFIER = Naman.ARCatchUITests;
				PRODUCT_NAME = "$(TARGET_NAME)";
				SWIFT_VERSION = 4.0;
				TARGETED_DEVICE_FAMILY = "1,2";
				TEST_TARGET_NAME = ARCatch;
			};
			name = Release;
		};
/* End XCBuildConfiguration section */

/* Begin XCConfigurationList section */
		ED99601B20AE08300058EC18 /* Build configuration list for PBXProject "ARCatch" */ = {
			isa = XCConfigurationList;
			buildConfigurations = (
				ED99604620AE08320058EC18 /* Debug */,
				ED99604720AE08320058EC18 /* Release */,
			);
			defaultConfigurationIsVisible = 0;
			defaultConfigurationName = Release;
		};
		ED99604820AE08320058EC18 /* Build configuration list for PBXNativeTarget "ARCatch" */ = {
			isa = XCConfigurationList;
			buildConfigurations = (
				ED99604920AE08320058EC18 /* Debug */,
				ED99604A20AE08320058EC18 /* Release */,
			);
			defaultConfigurationIsVisible = 0;
			defaultConfigurationName = Release;
		};
		ED99604B20AE08320058EC18 /* Build configuration list for PBXNativeTarget "ARCatchTests" */ = {
			isa = XCConfigurationList;
			buildConfigurations = (
				ED99604C20AE08320058EC18 /* Debug */,
				ED99604D20AE08320058EC18 /* Release */,
			);
			defaultConfigurationIsVisible = 0;
			defaultConfigurationName = Release;
		};
		ED99604E20AE08320058EC18 /* Build configuration list for PBXNativeTarget "ARCatchUITests" */ = {
			isa = XCConfigurationList;
			buildConfigurations = (
				ED99604F20AE08320058EC18 /* Debug */,
				ED99605020AE08320058EC18 /* Release */,
			);
			defaultConfigurationIsVisible = 0;
			defaultConfigurationName = Release;
		};
/* End XCConfigurationList section */
	};
	rootObject = ED99601820AE08300058EC18 /* Project object */;
}
